
Microsoft Visual Studio Solution File, Format Version 12.00
# Visual Studio Version 17
VisualStudioVersion = 17.14.36301.6 d17.14
MinimumVisualStudioVersion = 10.0.40219.1
Project("{FAE04EC0-301F-11D3-BF4B-00C04F79EFBC}") = "FutbolTracking.Api", "FutbolTracking.Api\FutbolTracking.Api.csproj", "{466006BE-ABE2-4E1E-8F07-9AC8CA3A6BE8}"
EndProject
Project("{FAE04EC0-301F-11D3-BF4B-00C04F79EFBC}") = "FutbolTracking.Application", "FutbolTracking.Application\FutbolTracking.Application.csproj", "{9FBEDC4A-28B8-4ED5-9272-6C6FF81D5FE1}"
EndProject
Project("{FAE04EC0-301F-11D3-BF4B-00C04F79EFBC}") = "FutbolTracking.Domain", "FutbolTracking.Domain\FutbolTracking.Domain.csproj", "{7F9EA5DC-C8C4-4EEC-8798-38AB85D8F3FE}"
EndProject
Project("{FAE04EC0-301F-11D3-BF4B-00C04F79EFBC}") = "FutbolTracking.Infrastructure", "FutbolTracking.Infrastructure\FutbolTracking.Infrastructure.csproj", "{2B0C0BBB-127E-44D9-A498-AE3BB528DB71}"
EndProject
Project("{FAE04EC0-301F-11D3-BF4B-00C04F79EFBC}") = "FutbolTracking.Test", "FutbolTracking.Test\FutbolTracking.Test.csproj", "{F7209A89-E8BA-4E95-B5AB-5EBA699E0C9A}"
EndProject
Global
	GlobalSection(SolutionConfigurationPlatforms) = preSolution
		Debug|Any CPU = Debug|Any CPU
		Release|Any CPU = Release|Any CPU
	EndGlobalSection
	GlobalSection(ProjectConfigurationPlatforms) = postSolution
		{466006BE-ABE2-4E1E-8F07-9AC8CA3A6BE8}.Debug|Any CPU.ActiveCfg = Debug|Any CPU
		{466006BE-ABE2-4E1E-8F07-9AC8CA3A6BE8}.Debug|Any CPU.Build.0 = Debug|Any CPU
		{466006BE-ABE2-4E1E-8F07-9AC8CA3A6BE8}.Release|Any CPU.ActiveCfg = Release|Any CPU
		{466006BE-ABE2-4E1E-8F07-9AC8CA3A6BE8}.Release|Any CPU.Build.0 = Release|Any CPU
		{9FBEDC4A-28B8-4ED5-9272-6C6FF81D5FE1}.Debug|Any CPU.ActiveCfg = Debug|Any CPU
		{9FBEDC4A-28B8-4ED5-9272-6C6FF81D5FE1}.Debug|Any CPU.Build.0 = Debug|Any CPU
		{9FBEDC4A-28B8-4ED5-9272-6C6FF81D5FE1}.Release|Any CPU.ActiveCfg = Release|Any CPU
		{9FBEDC4A-28B8-4ED5-9272-6C6FF81D5FE1}.Release|Any CPU.Build.0 = Release|Any CPU
		{7F9EA5DC-C8C4-4EEC-8798-38AB85D8F3FE}.Debug|Any CPU.ActiveCfg = Debug|Any CPU
		{7F9EA5DC-C8C4-4EEC-8798-38AB85D8F3FE}.Debug|Any CPU.Build.0 = Debug|Any CPU
		{7F9EA5DC-C8C4-4EEC-8798-38AB85D8F3FE}.Release|Any CPU.ActiveCfg = Release|Any CPU
		{7F9EA5DC-C8C4-4EEC-8798-38AB85D8F3FE}.Release|Any CPU.Build.0 = Release|Any CPU
		{2B0C0BBB-127E-44D9-A498-AE3BB528DB71}.Debug|Any CPU.ActiveCfg = Debug|Any CPU
		{2B0C0BBB-127E-44D9-A498-AE3BB528DB71}.Debug|Any CPU.Build.0 = Debug|Any CPU
		{2B0C0BBB-127E-44D9-A498-AE3BB528DB71}.Release|Any CPU.ActiveCfg = Release|Any CPU
		{2B0C0BBB-127E-44D9-A498-AE3BB528DB71}.Release|Any CPU.Build.0 = Release|Any CPU
		{F7209A89-E8BA-4E95-B5AB-5EBA699E0C9A}.Debug|Any CPU.ActiveCfg = Debug|Any CPU
		{F7209A89-E8BA-4E95-B5AB-5EBA699E0C9A}.Debug|Any CPU.Build.0 = Debug|Any CPU
		{F7209A89-E8BA-4E95-B5AB-5EBA699E0C9A}.Release|Any CPU.ActiveCfg = Release|Any CPU
		{F7209A89-E8BA-4E95-B5AB-5EBA699E0C9A}.Release|Any CPU.Build.0 = Release|Any CPU
	EndGlobalSection
	GlobalSection(SolutionProperties) = preSolution
		HideSolutionNode = FALSE
	EndGlobalSection
	GlobalSection(ExtensibilityGlobals) = postSolution
		SolutionGuid = {58DA188E-6A0F-4412-98C0-1E61A144DC2A}
	EndGlobalSection
EndGlobal
